
Microsoft Visual Studio Solution File, Format Version 12.00
# Visual Studio Version 17
VisualStudioVersion = 17.4.33403.182
MinimumVisualStudioVersion = 10.0.40219.1
Project("{FAE04EC0-301F-11D3-BF4B-00C04F79EFBC}") = "DrinkPo-by-Agilis", "DrinkPo-by-Agilis\DrinkPo-by-Agilis.csproj", "{B7836570-C5E5-4F70-94A9-B2F325150128}"
EndProject
Global
	GlobalSection(SolutionConfigurationPlatforms) = preSolution
		Debug|Any CPU = Debug|Any CPU
		Release|Any CPU = Release|Any CPU
	EndGlobalSection
	GlobalSection(ProjectConfigurationPlatforms) = postSolution
		{B7836570-C5E5-4F70-94A9-B2F325150128}.Debug|Any CPU.ActiveCfg = Debug|Any CPU
		{B7836570-C5E5-4F70-94A9-B2F325150128}.Debug|Any CPU.Build.0 = Debug|Any CPU
		{B7836570-C5E5-4F70-94A9-B2F325150128}.Release|Any CPU.ActiveCfg = Release|Any CPU
		{B7836570-C5E5-4F70-94A9-B2F325150128}.Release|Any CPU.Build.0 = Release|Any CPU
	EndGlobalSection
	GlobalSection(SolutionProperties) = preSolution
		HideSolutionNode = FALSE
	EndGlobalSection
	GlobalSection(ExtensibilityGlobals) = postSolution
		SolutionGuid = {8994D554-B282-4C82-822B-5E6596B69F5A}
	EndGlobalSection
EndGlobal
